// !$*UTF8*$!
{
	archiveVersion = 1;
	classes = {
	};
	objectVersion = 46;
	objects = {

/* Begin PBXBuildFile section */
		7D3440C71663BC4D00C7C634 /* Subevent.m in Sources */ = {isa = PBXBuildFile; fileRef = 7D3440C61663BC4D00C7C634 /* Subevent.m */; };
		7D3440CD1663C1C200C7C634 /* Event.m in Sources */ = {isa = PBXBuildFile; fileRef = 7D3440CC1663C1C200C7C634 /* Event.m */; };
		7D5C8EDB165FCADC0014960C /* libsqlite3.dylib in Frameworks */ = {isa = PBXBuildFile; fileRef = 7D5C8EDA165FCADC0014960C /* libsqlite3.dylib */; };
		7D5C8EDF165FCD920014960C /* CFNetwork.framework in Frameworks */ = {isa = PBXBuildFile; fileRef = 7D5C8EDE165FCD920014960C /* CFNetwork.framework */; };
		7D5C8EE3165FCDBD0014960C /* SystemConfiguration.framework in Frameworks */ = {isa = PBXBuildFile; fileRef = 7D5C8EE2165FCDBD0014960C /* SystemConfiguration.framework */; };
		7D5C8EE5165FCDD70014960C /* libz.dylib in Frameworks */ = {isa = PBXBuildFile; fileRef = 7D5C8EE4165FCDD70014960C /* libz.dylib */; };
		7D5C8EE6165FCDE60014960C /* Security.framework in Frameworks */ = {isa = PBXBuildFile; fileRef = 7D5C8EE0165FCDA50014960C /* Security.framework */; };
		7D745AEE165F26A200594926 /* libJPCouchIncrementalStore.a in Frameworks */ = {isa = PBXBuildFile; fileRef = 7DD10873165D41F8005BA0E1 /* libJPCouchIncrementalStore.a */; };
		7D8EBF9216555B4B009F495E /* UIKit.framework in Frameworks */ = {isa = PBXBuildFile; fileRef = 7D8EBF9116555B4B009F495E /* UIKit.framework */; };
		7D8EBF9416555B4B009F495E /* Foundation.framework in Frameworks */ = {isa = PBXBuildFile; fileRef = 7D8EBF9316555B4B009F495E /* Foundation.framework */; };
		7D8EBF9616555B4B009F495E /* CoreGraphics.framework in Frameworks */ = {isa = PBXBuildFile; fileRef = 7D8EBF9516555B4B009F495E /* CoreGraphics.framework */; };
		7D8EBF9816555B4B009F495E /* CoreData.framework in Frameworks */ = {isa = PBXBuildFile; fileRef = 7D8EBF9716555B4B009F495E /* CoreData.framework */; };
		7D8EBF9E16555B4B009F495E /* InfoPlist.strings in Resources */ = {isa = PBXBuildFile; fileRef = 7D8EBF9C16555B4B009F495E /* InfoPlist.strings */; };
		7D8EBFA016555B4B009F495E /* main.m in Sources */ = {isa = PBXBuildFile; fileRef = 7D8EBF9F16555B4B009F495E /* main.m */; };
		7D8EBFA416555B4B009F495E /* JPAppDelegate.m in Sources */ = {isa = PBXBuildFile; fileRef = 7D8EBFA316555B4B009F495E /* JPAppDelegate.m */; };
		7D8EBFA616555B4B009F495E /* Default.png in Resources */ = {isa = PBXBuildFile; fileRef = 7D8EBFA516555B4B009F495E /* Default.png */; };
		7D8EBFA816555B4C009F495E /* Default@2x.png in Resources */ = {isa = PBXBuildFile; fileRef = 7D8EBFA716555B4B009F495E /* Default@2x.png */; };
		7D8EBFAA16555B4C009F495E /* Default-568h@2x.png in Resources */ = {isa = PBXBuildFile; fileRef = 7D8EBFA916555B4C009F495E /* Default-568h@2x.png */; };
		7D8EBFAD16555B4C009F495E /* JPIncrementalCouch.xcdatamodeld in Sources */ = {isa = PBXBuildFile; fileRef = 7D8EBFAB16555B4C009F495E /* JPIncrementalCouch.xcdatamodeld */; };
		7D8EBFB016555B4C009F495E /* JPMasterViewController.m in Sources */ = {isa = PBXBuildFile; fileRef = 7D8EBFAF16555B4C009F495E /* JPMasterViewController.m */; };
		7D8EBFB316555B4C009F495E /* JPDetailViewController.m in Sources */ = {isa = PBXBuildFile; fileRef = 7D8EBFB216555B4C009F495E /* JPDetailViewController.m */; };
		7D8EBFB616555B4C009F495E /* JPMasterViewController.xib in Resources */ = {isa = PBXBuildFile; fileRef = 7D8EBFB416555B4C009F495E /* JPMasterViewController.xib */; };
		7D8EBFB916555B4C009F495E /* JPDetailViewController.xib in Resources */ = {isa = PBXBuildFile; fileRef = 7D8EBFB716555B4C009F495E /* JPDetailViewController.xib */; };
/* End PBXBuildFile section */

/* Begin PBXContainerItemProxy section */
		7DD10872165D41F8005BA0E1 /* PBXContainerItemProxy */ = {
			isa = PBXContainerItemProxy;
			containerPortal = 7DD10862165D41F7005BA0E1 /* JPCouchIncrementalStore.xcodeproj */;
			proxyType = 2;
			remoteGlobalIDString = 7D8EBFCA16555BF8009F495E;
			remoteInfo = JPCouchIncrementalStore;
		};
		7DD10883165D4202005BA0E1 /* PBXContainerItemProxy */ = {
			isa = PBXContainerItemProxy;
			containerPortal = 7DD10862165D41F7005BA0E1 /* JPCouchIncrementalStore.xcodeproj */;
			proxyType = 1;
			remoteGlobalIDString = 7D8EBFC916555BF8009F495E;
			remoteInfo = JPCouchIncrementalStore;
		};
/* End PBXContainerItemProxy section */

/* Begin PBXFileReference section */
		7D3440C51663BC4D00C7C634 /* Subevent.h */ = {isa = PBXFileReference; fileEncoding = 4; lastKnownFileType = sourcecode.c.h; path = Subevent.h; sourceTree = "<group>"; };
		7D3440C61663BC4D00C7C634 /* Subevent.m */ = {isa = PBXFileReference; fileEncoding = 4; lastKnownFileType = sourcecode.c.objc; path = Subevent.m; sourceTree = "<group>"; };
		7D3440CB1663C1C200C7C634 /* Event.h */ = {isa = PBXFileReference; fileEncoding = 4; lastKnownFileType = sourcecode.c.h; path = Event.h; sourceTree = "<group>"; };
		7D3440CC1663C1C200C7C634 /* Event.m */ = {isa = PBXFileReference; fileEncoding = 4; lastKnownFileType = sourcecode.c.objc; path = Event.m; sourceTree = "<group>"; };
		7D5C8EDA165FCADC0014960C /* libsqlite3.dylib */ = {isa = PBXFileReference; lastKnownFileType = "compiled.mach-o.dylib"; name = libsqlite3.dylib; path = usr/lib/libsqlite3.dylib; sourceTree = SDKROOT; };
		7D5C8EDE165FCD920014960C /* CFNetwork.framework */ = {isa = PBXFileReference; lastKnownFileType = wrapper.framework; name = CFNetwork.framework; path = System/Library/Frameworks/CFNetwork.framework; sourceTree = SDKROOT; };
		7D5C8EE0165FCDA50014960C /* Security.framework */ = {isa = PBXFileReference; lastKnownFileType = wrapper.framework; name = Security.framework; path = System/Library/Frameworks/Security.framework; sourceTree = SDKROOT; };
		7D5C8EE2165FCDBD0014960C /* SystemConfiguration.framework */ = {isa = PBXFileReference; lastKnownFileType = wrapper.framework; name = SystemConfiguration.framework; path = System/Library/Frameworks/SystemConfiguration.framework; sourceTree = SDKROOT; };
		7D5C8EE4165FCDD70014960C /* libz.dylib */ = {isa = PBXFileReference; lastKnownFileType = "compiled.mach-o.dylib"; name = libz.dylib; path = usr/lib/libz.dylib; sourceTree = SDKROOT; };
		7D8EBF8D16555B4B009F495E /* JPCouchCoreData.app */ = {isa = PBXFileReference; explicitFileType = wrapper.application; includeInIndex = 0; path = JPCouchCoreData.app; sourceTree = BUILT_PRODUCTS_DIR; };
		7D8EBF9116555B4B009F495E /* UIKit.framework */ = {isa = PBXFileReference; lastKnownFileType = wrapper.framework; name = UIKit.framework; path = System/Library/Frameworks/UIKit.framework; sourceTree = SDKROOT; };
		7D8EBF9316555B4B009F495E /* Foundation.framework */ = {isa = PBXFileReference; lastKnownFileType = wrapper.framework; name = Foundation.framework; path = System/Library/Frameworks/Foundation.framework; sourceTree = SDKROOT; };
		7D8EBF9516555B4B009F495E /* CoreGraphics.framework */ = {isa = PBXFileReference; lastKnownFileType = wrapper.framework; name = CoreGraphics.framework; path = System/Library/Frameworks/CoreGraphics.framework; sourceTree = SDKROOT; };
		7D8EBF9716555B4B009F495E /* CoreData.framework */ = {isa = PBXFileReference; lastKnownFileType = wrapper.framework; name = CoreData.framework; path = System/Library/Frameworks/CoreData.framework; sourceTree = SDKROOT; };
		7D8EBF9B16555B4B009F495E /* JPCouchCoreData-Info.plist */ = {isa = PBXFileReference; lastKnownFileType = text.plist.xml; path = "JPCouchCoreData-Info.plist"; sourceTree = "<group>"; };
		7D8EBF9D16555B4B009F495E /* en */ = {isa = PBXFileReference; lastKnownFileType = text.plist.strings; name = en; path = en.lproj/InfoPlist.strings; sourceTree = "<group>"; };
		7D8EBF9F16555B4B009F495E /* main.m */ = {isa = PBXFileReference; lastKnownFileType = sourcecode.c.objc; path = main.m; sourceTree = "<group>"; };
		7D8EBFA216555B4B009F495E /* JPAppDelegate.h */ = {isa = PBXFileReference; lastKnownFileType = sourcecode.c.h; path = JPAppDelegate.h; sourceTree = "<group>"; };
		7D8EBFA316555B4B009F495E /* JPAppDelegate.m */ = {isa = PBXFileReference; lastKnownFileType = sourcecode.c.objc; path = JPAppDelegate.m; sourceTree = "<group>"; };
		7D8EBFA516555B4B009F495E /* Default.png */ = {isa = PBXFileReference; lastKnownFileType = image.png; path = Default.png; sourceTree = "<group>"; };
		7D8EBFA716555B4B009F495E /* Default@2x.png */ = {isa = PBXFileReference; lastKnownFileType = image.png; path = "Default@2x.png"; sourceTree = "<group>"; };
		7D8EBFA916555B4C009F495E /* Default-568h@2x.png */ = {isa = PBXFileReference; lastKnownFileType = image.png; path = "Default-568h@2x.png"; sourceTree = "<group>"; };
		7D8EBFAC16555B4C009F495E /* JPIncrementalCouch.xcdatamodel */ = {isa = PBXFileReference; lastKnownFileType = wrapper.xcdatamodel; path = JPIncrementalCouch.xcdatamodel; sourceTree = "<group>"; };
		7D8EBFAE16555B4C009F495E /* JPMasterViewController.h */ = {isa = PBXFileReference; lastKnownFileType = sourcecode.c.h; path = JPMasterViewController.h; sourceTree = "<group>"; };
		7D8EBFAF16555B4C009F495E /* JPMasterViewController.m */ = {isa = PBXFileReference; lastKnownFileType = sourcecode.c.objc; path = JPMasterViewController.m; sourceTree = "<group>"; };
		7D8EBFB116555B4C009F495E /* JPDetailViewController.h */ = {isa = PBXFileReference; lastKnownFileType = sourcecode.c.h; path = JPDetailViewController.h; sourceTree = "<group>"; };
		7D8EBFB216555B4C009F495E /* JPDetailViewController.m */ = {isa = PBXFileReference; lastKnownFileType = sourcecode.c.objc; path = JPDetailViewController.m; sourceTree = "<group>"; };
		7D8EBFB516555B4C009F495E /* en */ = {isa = PBXFileReference; lastKnownFileType = file.xib; name = en; path = en.lproj/JPMasterViewController.xib; sourceTree = "<group>"; };
		7D8EBFB816555B4C009F495E /* en */ = {isa = PBXFileReference; lastKnownFileType = file.xib; name = en; path = en.lproj/JPDetailViewController.xib; sourceTree = "<group>"; };
		7DD10862165D41F7005BA0E1 /* JPCouchIncrementalStore.xcodeproj */ = {isa = PBXFileReference; lastKnownFileType = "wrapper.pb-project"; name = JPCouchIncrementalStore.xcodeproj; path = ../JPCouchIncrementalStore/JPCouchIncrementalStore.xcodeproj; sourceTree = "<group>"; };
/* End PBXFileReference section */

/* Begin PBXFrameworksBuildPhase section */
		7D8EBF8A16555B4B009F495E /* Frameworks */ = {
			isa = PBXFrameworksBuildPhase;
			buildActionMask = 2147483647;
			files = (
				7D5C8EE6165FCDE60014960C /* Security.framework in Frameworks */,
				7D5C8EE5165FCDD70014960C /* libz.dylib in Frameworks */,
				7D5C8EE3165FCDBD0014960C /* SystemConfiguration.framework in Frameworks */,
				7D8EBF9816555B4B009F495E /* CoreData.framework in Frameworks */,
				7D5C8EDF165FCD920014960C /* CFNetwork.framework in Frameworks */,
				7D5C8EDB165FCADC0014960C /* libsqlite3.dylib in Frameworks */,
				7D745AEE165F26A200594926 /* libJPCouchIncrementalStore.a in Frameworks */,
				7D8EBF9216555B4B009F495E /* UIKit.framework in Frameworks */,
				7D8EBF9416555B4B009F495E /* Foundation.framework in Frameworks */,
				7D8EBF9616555B4B009F495E /* CoreGraphics.framework in Frameworks */,
			);
			runOnlyForDeploymentPostprocessing = 0;
		};
/* End PBXFrameworksBuildPhase section */

/* Begin PBXGroup section */
		7D8EBF8216555B4B009F495E = {
			isa = PBXGroup;
			children = (
				7D8EBF9916555B4B009F495E /* JPIncrementalCouch */,
				7D8EBF9016555B4B009F495E /* Frameworks */,
				7D8EBF8E16555B4B009F495E /* Products */,
				7DD10862165D41F7005BA0E1 /* JPCouchIncrementalStore.xcodeproj */,
			);
			sourceTree = "<group>";
		};
		7D8EBF8E16555B4B009F495E /* Products */ = {
			isa = PBXGroup;
			children = (
				7D8EBF8D16555B4B009F495E /* JPCouchCoreData.app */,
			);
			name = Products;
			sourceTree = "<group>";
		};
		7D8EBF9016555B4B009F495E /* Frameworks */ = {
			isa = PBXGroup;
			children = (
				7D5C8EE2165FCDBD0014960C /* SystemConfiguration.framework */,
				7D5C8EE0165FCDA50014960C /* Security.framework */,
				7D5C8EDE165FCD920014960C /* CFNetwork.framework */,
				7D5C8EDA165FCADC0014960C /* libsqlite3.dylib */,
				7D5C8EE4165FCDD70014960C /* libz.dylib */,
				7D8EBF9116555B4B009F495E /* UIKit.framework */,
				7D8EBF9316555B4B009F495E /* Foundation.framework */,
				7D8EBF9516555B4B009F495E /* CoreGraphics.framework */,
				7D8EBF9716555B4B009F495E /* CoreData.framework */,
			);
			name = Frameworks;
			sourceTree = "<group>";
		};
		7D8EBF9916555B4B009F495E /* JPIncrementalCouch */ = {
			isa = PBXGroup;
			children = (
				7D8EBFA216555B4B009F495E /* JPAppDelegate.h */,
				7D8EBFA316555B4B009F495E /* JPAppDelegate.m */,
				7D8EBFAE16555B4C009F495E /* JPMasterViewController.h */,
				7D8EBFAF16555B4C009F495E /* JPMasterViewController.m */,
				7D8EBFB116555B4C009F495E /* JPDetailViewController.h */,
				7D8EBFB216555B4C009F495E /* JPDetailViewController.m */,
				7D8EBFB416555B4C009F495E /* JPMasterViewController.xib */,
				7D8EBFB716555B4C009F495E /* JPDetailViewController.xib */,
				7D3440CB1663C1C200C7C634 /* Event.h */,
				7D3440CC1663C1C200C7C634 /* Event.m */,
				7D8EBFAB16555B4C009F495E /* JPIncrementalCouch.xcdatamodeld */,
				7D3440C51663BC4D00C7C634 /* Subevent.h */,
				7D3440C61663BC4D00C7C634 /* Subevent.m */,
				7D8EBF9A16555B4B009F495E /* Supporting Files */,
			);
			path = JPIncrementalCouch;
			sourceTree = "<group>";
		};
		7D8EBF9A16555B4B009F495E /* Supporting Files */ = {
			isa = PBXGroup;
			children = (
				7D8EBF9B16555B4B009F495E /* JPCouchCoreData-Info.plist */,
				7D8EBF9C16555B4B009F495E /* InfoPlist.strings */,
				7D8EBF9F16555B4B009F495E /* main.m */,
				7D8EBFA516555B4B009F495E /* Default.png */,
				7D8EBFA716555B4B009F495E /* Default@2x.png */,
				7D8EBFA916555B4C009F495E /* Default-568h@2x.png */,
			);
			name = "Supporting Files";
			sourceTree = "<group>";
		};
		7DD10863165D41F7005BA0E1 /* Products */ = {
			isa = PBXGroup;
			children = (
				7DD10873165D41F8005BA0E1 /* libJPCouchIncrementalStore.a */,
			);
			name = Products;
			sourceTree = "<group>";
		};
/* End PBXGroup section */

/* Begin PBXNativeTarget section */
		7D8EBF8C16555B4B009F495E /* JPCouchCoreData */ = {
			isa = PBXNativeTarget;
			buildConfigurationList = 7D8EBFBC16555B4C009F495E /* Build configuration list for PBXNativeTarget "JPCouchCoreData" */;
			buildPhases = (
				7D8EBF8916555B4B009F495E /* Sources */,
				7D8EBF8A16555B4B009F495E /* Frameworks */,
				7D8EBF8B16555B4B009F495E /* Resources */,
			);
			buildRules = (
			);
			dependencies = (
				7DD10884165D4202005BA0E1 /* PBXTargetDependency */,
			);
			name = JPCouchCoreData;
			productName = JPIncrementalCouch;
			productReference = 7D8EBF8D16555B4B009F495E /* JPCouchCoreData.app */;
			productType = "com.apple.product-type.application";
		};
/* End PBXNativeTarget section */

/* Begin PBXProject section */
		7D8EBF8416555B4B009F495E /* Project object */ = {
			isa = PBXProject;
			attributes = {
				CLASSPREFIX = JP;
				LastUpgradeCheck = 0450;
				ORGANIZATIONNAME = "Jamie Pinkham";
			};
			buildConfigurationList = 7D8EBF8716555B4B009F495E /* Build configuration list for PBXProject "JPCouchCoreData" */;
			compatibilityVersion = "Xcode 3.2";
			developmentRegion = English;
			hasScannedForEncodings = 0;
			knownRegions = (
				en,
			);
			mainGroup = 7D8EBF8216555B4B009F495E;
			productRefGroup = 7D8EBF8E16555B4B009F495E /* Products */;
			projectDirPath = "";
			projectReferences = (
				{
					ProductGroup = 7DD10863165D41F7005BA0E1 /* Products */;
					ProjectRef = 7DD10862165D41F7005BA0E1 /* JPCouchIncrementalStore.xcodeproj */;
				},
			);
			projectRoot = "";
			targets = (
				7D8EBF8C16555B4B009F495E /* JPCouchCoreData */,
			);
		};
/* End PBXProject section */

/* Begin PBXReferenceProxy section */
		7DD10873165D41F8005BA0E1 /* libJPCouchIncrementalStore.a */ = {
			isa = PBXReferenceProxy;
			fileType = archive.ar;
			path = libJPCouchIncrementalStore.a;
			remoteRef = 7DD10872165D41F8005BA0E1 /* PBXContainerItemProxy */;
			sourceTree = BUILT_PRODUCTS_DIR;
		};
/* End PBXReferenceProxy section */

/* Begin PBXResourcesBuildPhase section */
		7D8EBF8B16555B4B009F495E /* Resources */ = {
			isa = PBXResourcesBuildPhase;
			buildActionMask = 2147483647;
			files = (
				7D8EBF9E16555B4B009F495E /* InfoPlist.strings in Resources */,
				7D8EBFA616555B4B009F495E /* Default.png in Resources */,
				7D8EBFA816555B4C009F495E /* Default@2x.png in Resources */,
				7D8EBFAA16555B4C009F495E /* Default-568h@2x.png in Resources */,
				7D8EBFB616555B4C009F495E /* JPMasterViewController.xib in Resources */,
				7D8EBFB916555B4C009F495E /* JPDetailViewController.xib in Resources */,
			);
			runOnlyForDeploymentPostprocessing = 0;
		};
/* End PBXResourcesBuildPhase section */

/* Begin PBXSourcesBuildPhase section */
		7D8EBF8916555B4B009F495E /* Sources */ = {
			isa = PBXSourcesBuildPhase;
			buildActionMask = 2147483647;
			files = (
				7D8EBFA016555B4B009F495E /* main.m in Sources */,
				7D8EBFA416555B4B009F495E /* JPAppDelegate.m in Sources */,
				7D8EBFAD16555B4C009F495E /* JPIncrementalCouch.xcdatamodeld in Sources */,
				7D8EBFB016555B4C009F495E /* JPMasterViewController.m in Sources */,
				7D8EBFB316555B4C009F495E /* JPDetailViewController.m in Sources */,
				7D3440C71663BC4D00C7C634 /* Subevent.m in Sources */,
				7D3440CD1663C1C200C7C634 /* Event.m in Sources */,
			);
			runOnlyForDeploymentPostprocessing = 0;
		};
/* End PBXSourcesBuildPhase section */

/* Begin PBXTargetDependency section */
		7DD10884165D4202005BA0E1 /* PBXTargetDependency */ = {
			isa = PBXTargetDependency;
			name = JPCouchIncrementalStore;
			targetProxy = 7DD10883165D4202005BA0E1 /* PBXContainerItemProxy */;
		};
/* End PBXTargetDependency section */

/* Begin PBXVariantGroup section */
		7D8EBF9C16555B4B009F495E /* InfoPlist.strings */ = {
			isa = PBXVariantGroup;
			children = (
				7D8EBF9D16555B4B009F495E /* en */,
			);
			name = InfoPlist.strings;
			sourceTree = "<group>";
		};
		7D8EBFB416555B4C009F495E /* JPMasterViewController.xib */ = {
			isa = PBXVariantGroup;
			children = (
				7D8EBFB516555B4C009F495E /* en */,
			);
			name = JPMasterViewController.xib;
			sourceTree = "<group>";
		};
		7D8EBFB716555B4C009F495E /* JPDetailViewController.xib */ = {
			isa = PBXVariantGroup;
			children = (
				7D8EBFB816555B4C009F495E /* en */,
			);
			name = JPDetailViewController.xib;
			sourceTree = "<group>";
		};
/* End PBXVariantGroup section */

/* Begin XCBuildConfiguration section */
		7D8EBFBA16555B4C009F495E /* Debug */ = {
			isa = XCBuildConfiguration;
			buildSettings = {
				ALWAYS_SEARCH_USER_PATHS = NO;
				CLANG_CXX_LANGUAGE_STANDARD = "gnu++0x";
				CLANG_CXX_LIBRARY = "libc++";
				CLANG_ENABLE_OBJC_ARC = YES;
				CLANG_WARN_EMPTY_BODY = YES;
				CLANG_WARN__DUPLICATE_METHOD_MATCH = YES;
				"CODE_SIGN_IDENTITY[sdk=iphoneos*]" = "iPhone Developer";
				COPY_PHASE_STRIP = NO;
				GCC_C_LANGUAGE_STANDARD = gnu99;
				GCC_DYNAMIC_NO_PIC = NO;
				GCC_OPTIMIZATION_LEVEL = 0;
				GCC_PREPROCESSOR_DEFINITIONS = (
					"DEBUG=1",
					"$(inherited)",
				);
				GCC_SYMBOLS_PRIVATE_EXTERN = NO;
				GCC_WARN_ABOUT_RETURN_TYPE = YES;
				GCC_WARN_UNINITIALIZED_AUTOS = YES;
				GCC_WARN_UNUSED_VARIABLE = YES;
				IPHONEOS_DEPLOYMENT_TARGET = 6.0;
				ONLY_ACTIVE_ARCH = YES;
				SDKROOT = iphoneos;
			};
			name = Debug;
		};
		7D8EBFBB16555B4C009F495E /* Release */ = {
			isa = XCBuildConfiguration;
			buildSettings = {
				ALWAYS_SEARCH_USER_PATHS = NO;
				CLANG_CXX_LANGUAGE_STANDARD = "gnu++0x";
				CLANG_CXX_LIBRARY = "libc++";
				CLANG_ENABLE_OBJC_ARC = YES;
				CLANG_WARN_EMPTY_BODY = YES;
				CLANG_WARN__DUPLICATE_METHOD_MATCH = YES;
				"CODE_SIGN_IDENTITY[sdk=iphoneos*]" = "iPhone Developer";
				COPY_PHASE_STRIP = YES;
				GCC_C_LANGUAGE_STANDARD = gnu99;
				GCC_WARN_ABOUT_RETURN_TYPE = YES;
				GCC_WARN_UNINITIALIZED_AUTOS = YES;
				GCC_WARN_UNUSED_VARIABLE = YES;
				IPHONEOS_DEPLOYMENT_TARGET = 6.0;
				OTHER_CFLAGS = "-DNS_BLOCK_ASSERTIONS=1";
				SDKROOT = iphoneos;
				VALIDATE_PRODUCT = YES;
			};
			name = Release;
		};
		7D8EBFBD16555B4C009F495E /* Debug */ = {
			isa = XCBuildConfiguration;
			buildSettings = {
				GCC_PRECOMPILE_PREFIX_HEADER = YES;
				GCC_PREFIX_HEADER = "JPIncrementalCouch/JPCouchCoreData-Prefix.pch";
				INFOPLIST_FILE = "JPIncrementalCouch/JPCouchCoreData-Info.plist";
				OTHER_LDFLAGS = "-ObjC";
				PRODUCT_NAME = JPCouchCoreData;
				WRAPPER_EXTENSION = app;
			};
			name = Debug;
		};
		7D8EBFBE16555B4C009F495E /* Release */ = {
			isa = XCBuildConfiguration;
			buildSettings = {
				GCC_PRECOMPILE_PREFIX_HEADER = YES;
				GCC_PREFIX_HEADER = "JPIncrementalCouch/JPCouchCoreData-Prefix.pch";
				INFOPLIST_FILE = "JPIncrementalCouch/JPCouchCoreData-Info.plist";
				OTHER_LDFLAGS = "-ObjC";
				PRODUCT_NAME = JPCouchCoreData;
				WRAPPER_EXTENSION = app;
			};
			name = Release;
		};
/* End XCBuildConfiguration section */

/* Begin XCConfigurationList section */
		7D8EBF8716555B4B009F495E /* Build configuration list for PBXProject "JPCouchCoreData" */ = {
			isa = XCConfigurationList;
			buildConfigurations = (
				7D8EBFBA16555B4C009F495E /* Debug */,
				7D8EBFBB16555B4C009F495E /* Release */,
			);
			defaultConfigurationIsVisible = 0;
			defaultConfigurationName = Release;
		};
		7D8EBFBC16555B4C009F495E /* Build configuration list for PBXNativeTarget "JPCouchCoreData" */ = {
			isa = XCConfigurationList;
			buildConfigurations = (
				7D8EBFBD16555B4C009F495E /* Debug */,
				7D8EBFBE16555B4C009F495E /* Release */,
			);
			defaultConfigurationIsVisible = 0;
			defaultConfigurationName = Release;
		};
/* End XCConfigurationList section */

/* Begin XCVersionGroup section */
		7D8EBFAB16555B4C009F495E /* JPIncrementalCouch.xcdatamodeld */ = {
			isa = XCVersionGroup;
			children = (
				7D8EBFAC16555B4C009F495E /* JPIncrementalCouch.xcdatamodel */,
			);
			currentVersion = 7D8EBFAC16555B4C009F495E /* JPIncrementalCouch.xcdatamodel */;
			path = JPIncrementalCouch.xcdatamodeld;
			sourceTree = "<group>";
			versionGroupType = wrapper.xcdatamodel;
		};
/* End XCVersionGroup section */
	};
	rootObject = 7D8EBF8416555B4B009F495E /* Project object */;
}
